
Microsoft Visual Studio Solution File, Format Version 12.00
# Visual Studio Version 16
VisualStudioVersion = 16.0.31205.134
MinimumVisualStudioVersion = 10.0.40219.1
Project("{FAE04EC0-301F-11D3-BF4B-00C04F79EFBC}") = "Proyecto_Celiaco.Android", "Proyecto_Celiaco\Proyecto_Celiaco.Android\Proyecto_Celiaco.Android.csproj", "{3FAD71F3-9112-4A7A-A860-CDC83D8EFE47}"
EndProject
Project("{FAE04EC0-301F-11D3-BF4B-00C04F79EFBC}") = "Proyecto_Celiaco.iOS", "Proyecto_Celiaco\Proyecto_Celiaco.iOS\Proyecto_Celiaco.iOS.csproj", "{F49EBA4E-4A80-4DF3-9BB7-5C943855D6A4}"
EndProject
Project("{FAE04EC0-301F-11D3-BF4B-00C04F79EFBC}") = "Proyecto_Celiaco", "Proyecto_Celiaco\Proyecto_Celiaco\Proyecto_Celiaco.csproj", "{65BEE8D0-CC74-494F-A5AF-7D1B92EE315F}"
EndProject
Global
	GlobalSection(SolutionConfigurationPlatforms) = preSolution
		Debug|Any CPU = Debug|Any CPU
		Debug|iPhone = Debug|iPhone
		Debug|iPhoneSimulator = Debug|iPhoneSimulator
		Release|Any CPU = Release|Any CPU
		Release|iPhone = Release|iPhone
		Release|iPhoneSimulator = Release|iPhoneSimulator
	EndGlobalSection
	GlobalSection(ProjectConfigurationPlatforms) = postSolution
		{3FAD71F3-9112-4A7A-A860-CDC83D8EFE47}.Debug|Any CPU.ActiveCfg = Debug|Any CPU
		{3FAD71F3-9112-4A7A-A860-CDC83D8EFE47}.Debug|Any CPU.Build.0 = Debug|Any CPU
		{3FAD71F3-9112-4A7A-A860-CDC83D8EFE47}.Debug|Any CPU.Deploy.0 = Debug|Any CPU
		{3FAD71F3-9112-4A7A-A860-CDC83D8EFE47}.Debug|iPhone.ActiveCfg = Debug|Any CPU
		{3FAD71F3-9112-4A7A-A860-CDC83D8EFE47}.Debug|iPhone.Build.0 = Debug|Any CPU
		{3FAD71F3-9112-4A7A-A860-CDC83D8EFE47}.Debug|iPhone.Deploy.0 = Debug|Any CPU
		{3FAD71F3-9112-4A7A-A860-CDC83D8EFE47}.Debug|iPhoneSimulator.ActiveCfg = Debug|Any CPU
		{3FAD71F3-9112-4A7A-A860-CDC83D8EFE47}.Debug|iPhoneSimulator.Build.0 = Debug|Any CPU
		{3FAD71F3-9112-4A7A-A860-CDC83D8EFE47}.Debug|iPhoneSimulator.Deploy.0 = Debug|Any CPU
		{3FAD71F3-9112-4A7A-A860-CDC83D8EFE47}.Release|Any CPU.ActiveCfg = Release|Any CPU
		{3FAD71F3-9112-4A7A-A860-CDC83D8EFE47}.Release|Any CPU.Build.0 = Release|Any CPU
		{3FAD71F3-9112-4A7A-A860-CDC83D8EFE47}.Release|Any CPU.Deploy.0 = Release|Any CPU
		{3FAD71F3-9112-4A7A-A860-CDC83D8EFE47}.Release|iPhone.ActiveCfg = Release|Any CPU
		{3FAD71F3-9112-4A7A-A860-CDC83D8EFE47}.Release|iPhone.Build.0 = Release|Any CPU
		{3FAD71F3-9112-4A7A-A860-CDC83D8EFE47}.Release|iPhone.Deploy.0 = Release|Any CPU
		{3FAD71F3-9112-4A7A-A860-CDC83D8EFE47}.Release|iPhoneSimulator.ActiveCfg = Release|Any CPU
		{3FAD71F3-9112-4A7A-A860-CDC83D8EFE47}.Release|iPhoneSimulator.Build.0 = Release|Any CPU
		{3FAD71F3-9112-4A7A-A860-CDC83D8EFE47}.Release|iPhoneSimulator.Deploy.0 = Release|Any CPU
		{F49EBA4E-4A80-4DF3-9BB7-5C943855D6A4}.Debug|Any CPU.ActiveCfg = Debug|iPhone
		{F49EBA4E-4A80-4DF3-9BB7-5C943855D6A4}.Debug|Any CPU.Build.0 = Debug|iPhone
		{F49EBA4E-4A80-4DF3-9BB7-5C943855D6A4}.Debug|Any CPU.Deploy.0 = Debug|iPhone
		{F49EBA4E-4A80-4DF3-9BB7-5C943855D6A4}.Debug|iPhone.ActiveCfg = Debug|iPhone
		{F49EBA4E-4A80-4DF3-9BB7-5C943855D6A4}.Debug|iPhone.Build.0 = Debug|iPhone
		{F49EBA4E-4A80-4DF3-9BB7-5C943855D6A4}.Debug|iPhone.Deploy.0 = Debug|iPhone
		{F49EBA4E-4A80-4DF3-9BB7-5C943855D6A4}.Debug|iPhoneSimulator.ActiveCfg = Debug|iPhoneSimulator
		{F49EBA4E-4A80-4DF3-9BB7-5C943855D6A4}.Debug|iPhoneSimulator.Build.0 = Debug|iPhoneSimulator
		{F49EBA4E-4A80-4DF3-9BB7-5C943855D6A4}.Debug|iPhoneSimulator.Deploy.0 = Debug|iPhoneSimulator
		{F49EBA4E-4A80-4DF3-9BB7-5C943855D6A4}.Release|Any CPU.ActiveCfg = Release|iPhoneSimulator
		{F49EBA4E-4A80-4DF3-9BB7-5C943855D6A4}.Release|Any CPU.Build.0 = Release|iPhoneSimulator
		{F49EBA4E-4A80-4DF3-9BB7-5C943855D6A4}.Release|Any CPU.Deploy.0 = Release|iPhoneSimulator
		{F49EBA4E-4A80-4DF3-9BB7-5C943855D6A4}.Release|iPhone.ActiveCfg = Release|iPhone
		{F49EBA4E-4A80-4DF3-9BB7-5C943855D6A4}.Release|iPhone.Build.0 = Release|iPhone
		{F49EBA4E-4A80-4DF3-9BB7-5C943855D6A4}.Release|iPhone.Deploy.0 = Release|iPhone
		{F49EBA4E-4A80-4DF3-9BB7-5C943855D6A4}.Release|iPhoneSimulator.ActiveCfg = Release|iPhoneSimulator
		{F49EBA4E-4A80-4DF3-9BB7-5C943855D6A4}.Release|iPhoneSimulator.Build.0 = Release|iPhoneSimulator
		{F49EBA4E-4A80-4DF3-9BB7-5C943855D6A4}.Release|iPhoneSimulator.Deploy.0 = Release|iPhoneSimulator
		{65BEE8D0-CC74-494F-A5AF-7D1B92EE315F}.Debug|Any CPU.ActiveCfg = Debug|Any CPU
		{65BEE8D0-CC74-494F-A5AF-7D1B92EE315F}.Debug|Any CPU.Build.0 = Debug|Any CPU
		{65BEE8D0-CC74-494F-A5AF-7D1B92EE315F}.Debug|Any CPU.Deploy.0 = Debug|Any CPU
		{65BEE8D0-CC74-494F-A5AF-7D1B92EE315F}.Debug|iPhone.ActiveCfg = Debug|Any CPU
		{65BEE8D0-CC74-494F-A5AF-7D1B92EE315F}.Debug|iPhone.Build.0 = Debug|Any CPU
		{65BEE8D0-CC74-494F-A5AF-7D1B92EE315F}.Debug|iPhone.Deploy.0 = Debug|Any CPU
		{65BEE8D0-CC74-494F-A5AF-7D1B92EE315F}.Debug|iPhoneSimulator.ActiveCfg = Debug|Any CPU
		{65BEE8D0-CC74-494F-A5AF-7D1B92EE315F}.Debug|iPhoneSimulator.Build.0 = Debug|Any CPU
		{65BEE8D0-CC74-494F-A5AF-7D1B92EE315F}.Debug|iPhoneSimulator.Deploy.0 = Debug|Any CPU
		{65BEE8D0-CC74-494F-A5AF-7D1B92EE315F}.Release|Any CPU.ActiveCfg = Release|Any CPU
		{65BEE8D0-CC74-494F-A5AF-7D1B92EE315F}.Release|Any CPU.Build.0 = Release|Any CPU
		{65BEE8D0-CC74-494F-A5AF-7D1B92EE315F}.Release|Any CPU.Deploy.0 = Release|Any CPU
		{65BEE8D0-CC74-494F-A5AF-7D1B92EE315F}.Release|iPhone.ActiveCfg = Release|Any CPU
		{65BEE8D0-CC74-494F-A5AF-7D1B92EE315F}.Release|iPhone.Build.0 = Release|Any CPU
		{65BEE8D0-CC74-494F-A5AF-7D1B92EE315F}.Release|iPhone.Deploy.0 = Release|Any CPU
		{65BEE8D0-CC74-494F-A5AF-7D1B92EE315F}.Release|iPhoneSimulator.ActiveCfg = Release|Any CPU
		{65BEE8D0-CC74-494F-A5AF-7D1B92EE315F}.Release|iPhoneSimulator.Build.0 = Release|Any CPU
		{65BEE8D0-CC74-494F-A5AF-7D1B92EE315F}.Release|iPhoneSimulator.Deploy.0 = Release|Any CPU
	EndGlobalSection
	GlobalSection(SolutionProperties) = preSolution
		HideSolutionNode = FALSE
	EndGlobalSection
	GlobalSection(ExtensibilityGlobals) = postSolution
		SolutionGuid = {612E8E0C-BA2F-49D8-A64C-016F623BA83A}
	EndGlobalSection
EndGlobal
